dependencies:
- name: postgresql
  repository: https://charts.bitnami.com/bitnami
  version: 18.5.1
- name: backend
  repository: file://charts/_backend
  version: 0.1.0
- name: frontend
  repository: file://charts/_frontend
  version: 0.1.0
digest: sha256:e704cfbe1aee0a0480ec3303e12751c907eacb1a8b58af71c477ac14551d2543
generated: "2026-03-02T22:58:49.4355548-05:00"
