dependencies:
- name: postgresql
  repository: https://charts.bitnami.com/bitnami
  version: 15.5.38
- name: backend
  repository: file://charts/_backend
  version: 0.1.0
- name: frontend
  repository: file://charts/_frontend
  version: 0.1.0
digest: sha256:1ddf7ff8e72fd97a81dd0e6e53b219b2f6368b6231f3c5a6cd69a0fc018d2c46
generated: "2026-03-02T22:36:41.1829836-05:00"
